{
    "_readme": [
        "This file locks the dependencies of your project to a known state",
        "Read more about it at https://getcomposer.org/doc/01-basic-usage.md#installing-dependencies",
        "This file is @generated automatically"
    ],
    "content-hash": "c4ff3b23dc7f86ec73af4cd02165d95b",
    "packages": [
        {
            "name": "composer/installers",
            "version": "dev-trunk",
            "dist": {
                "type": "path",
                "url": "installers",
                "reference": "373b8574c83364856efe6addccc58b2fddcb30bd"
            },
            "require": {
                "composer-plugin-api": "^1.0 || ^2.0"
            },
            "replace": {
                "roundcube/plugin-installer": "*",
                "shama/baton": "*"
            },
            "require-dev": {
                "composer/composer": "1.6.* || ^2.0",
                "composer/semver": "^1 || ^3",
                "phpstan/phpstan": "^0.12.55",
                "phpstan/phpstan-phpunit": "^0.12.16",
                "symfony/phpunit-bridge": "^4.2 || ^5",
                "symfony/process": "^2.3"
            },
            "type": "composer-plugin",
            "extra": {
                "class": "Composer\\Installers\\Plugin",
                "branch-alias": {
                    "dev-main": "1.x-dev"
                }
            },
            "autoload": {
                "psr-4": {
                    "Composer\\Installers\\": "src/Composer/Installers"
                }
            },
            "autoload-dev": {
                "psr-4": {
                    "Composer\\Installers\\Test\\": "tests/Composer/Installers/Test"
                }
            },
            "scripts": {
                "test": [
                    "SYMFONY_PHPUNIT_REMOVE_RETURN_TYPEHINT=1 vendor/bin/simple-phpunit"
                ],
                "phpstan": [
                    "vendor/bin/phpstan analyse"
                ]
            },
            "license": [
                "MIT"
            ],
            "authors": [
                {
                    "name": "Kyle Robinson Young",
                    "email": "kyle@dontkry.com",
                    "homepage": "https://github.com/shama"
                }
            ],
            "description": "A multi-framework Composer library installer",
            "homepage": "https://composer.github.io/installers/",
            "keywords": [
                "AGL",
                "Aimeos",
                "AnnotateCms",
                "Attogram",
                "Bitrix",
                "CakePHP",
                "Chef",
                "Cockpit",
                "CodeIgniter",
                "Craft",
                "Croogo",
                "DokuWiki",
                "Dolibarr",
                "Drupal",
                "Elgg",
                "Eliasis",
                "ExpressionEngine",
                "FuelPHP",
                "Grav",
                "Hurad",
                "ImageCMS",
                "Joomla",
                "Kanboard",
                "Known",
                "Kohana",
                "Lan Management System",
                "Laravel",
                "Lavalite",
                "Lithium",
                "MODULEWork",
                "MODX",
                "MODX Evo",
                "Magento",
                "Mako",
                "MantisBT",
                "Mautic",
                "Maya",
                "MediaWiki",
                "Miaoxing",
                "Moodle",
                "OXID",
                "PPI",
                "Pantheon",
                "Piwik",
                "Plentymarkets",
                "Porto",
                "ProcessWire",
                "Puppet",
                "RadPHP",
                "ReIndex",
                "Roundcube",
                "SMF",
                "SilverStripe",
                "Starbug",
                "SyDES",
                "Sylius",
                "TYPO3",
                "TastyIgniter",
                "Thelia",
                "WHMCS",
                "WolfCMS",
                "WordPress",
                "YAWIK",
                "Zend",
                "Zikula",
                "concrete5",
                "eZ Platform",
                "iTop",
                "installer",
                "majima",
                "osclass",
                "phpBB",
                "pxcms",
                "shopware",
                "symfony"
            ],
            "transport-options": {
                "relative": true
            }
        },
        {
            "name": "wordpress-plugin/gutenberg",
            "version": "1.0.0",
            "dist": {
                "type": "zip",
                "url": "https://downloads.wordpress.org/plugin/gutenberg.zip"
            },
            "type": "wordpress-plugin"
        },
        {
            "name": "wordpress-plugin/woocommerce",
            "version": "1.0.0",
            "dist": {
                "type": "zip",
                "url": "https://downloads.wordpress.org/plugin/woocommerce.zip"
            },
            "type": "wordpress-plugin"
        },
        {
            "name": "wordpress-theme/pendant",
            "version": "1.0.0",
            "dist": {
                "type": "zip",
                "url": "https://downloads.wordpress.org/theme/pendant.zip"
            },
            "type": "wordpress-theme"
        },
        {
            "name": "wordpress/composer-capture-progress",
            "version": "dev-trunk",
            "dist": {
                "type": "path",
                "url": "capture-progress",
                "reference": "32df2a6b708049a1e739519f5f3b21d9584688bc"
            },
            "require": {
                "composer-plugin-api": "^2.0"
            },
            "require-dev": {
                "composer/composer": "^2.0"
            },
            "type": "composer-plugin",
            "extra": {
                "class": "WordPress\\Composer\\CaptureProgress\\CaptureProgressPlugin"
            },
            "autoload": {
                "psr-4": {
                    "WordPress\\Composer\\CaptureProgress\\": "src"
                }
            },
            "transport-options": {
                "relative": true
            }
        }
    ],
    "packages-dev": [],
    "aliases": [],
    "minimum-stability": "stable",
    "stability-flags": {
        "composer/installers": 20,
        "wordpress/composer-capture-progress": 20
    },
    "prefer-stable": false,
    "prefer-lowest": false,
    "platform": {
        "composer-plugin-api": "^2.0"
    },
    "platform-dev": [],
    "plugin-api-version": "2.3.0"
}
